
Microsoft Visual Studio Solution File, Format Version 12.00
# Visual Studio 2013
VisualStudioVersion = 12.0.31101.0
MinimumVisualStudioVersion = 10.0.40219.1
Project("{2150E333-8FDC-42A3-9474-1A3956D46DE8}") = "1.Web", "1.Web", "{F5E1E01E-28EF-4282-A180-045E874A6B38}"
EndProject
Project("{2150E333-8FDC-42A3-9474-1A3956D46DE8}") = "2.Server", "2.Server", "{76F7A474-5FE3-4DE1-BEF6-4DAF9418C839}"
EndProject
Project("{2150E333-8FDC-42A3-9474-1A3956D46DE8}") = "3.Domain", "3.Domain", "{DC10D1B6-094E-452C-9369-1FF79D0C4D2D}"
EndProject
Project("{2150E333-8FDC-42A3-9474-1A3956D46DE8}") = "4.Model", "4.Model", "{031806FD-AFDF-4E85-A39F-7F0127C85AC2}"
EndProject
Project("{2150E333-8FDC-42A3-9474-1A3956D46DE8}") = "5.Infrastructrue", "5.Infrastructrue", "{E4D9169C-3565-4992-A7F2-129135AEB5D9}"
EndProject
Project("{FAE04EC0-301F-11D3-BF4B-00C04F79EFBC}") = "Eagle.Web", "Eagle.Web\Eagle.Web.csproj", "{74B358A2-C23C-40E8-9F88-4FA8FD392346}"
EndProject
Project("{FAE04EC0-301F-11D3-BF4B-00C04F79EFBC}") = "Eagle.Server", "Eagle.Server\Eagle.Server.csproj", "{09B9EA4C-79D1-4953-8CDC-480EA39D74B8}"
EndProject
Project("{FAE04EC0-301F-11D3-BF4B-00C04F79EFBC}") = "Eagle.Domain.Core", "Eagle.Domain.Core\Eagle.Domain.Core.csproj", "{CC457441-804F-4F71-9C8B-A0479EBDD273}"
EndProject
Project("{FAE04EC0-301F-11D3-BF4B-00C04F79EFBC}") = "Eagle.Domain.EF", "Eagle.Domain.EF\Eagle.Domain.EF.csproj", "{00A9C124-75CD-4CDF-988A-20EE7899F77F}"
EndProject
Project("{FAE04EC0-301F-11D3-BF4B-00C04F79EFBC}") = "Eagle.Domain.Events", "Eagle.Domain.Events\Eagle.Domain.Events.csproj", "{B9B54B41-88B7-4858-B1E9-4A65FFFFE56C}"
EndProject
Project("{FAE04EC0-301F-11D3-BF4B-00C04F79EFBC}") = "Eagle.Domain.Events.Handles", "Eagle.Domain.Events.Handles\Eagle.Domain.Events.Handles.csproj", "{F13A1547-520D-4020-98D8-56F3BC609253}"
EndProject
Project("{FAE04EC0-301F-11D3-BF4B-00C04F79EFBC}") = "Eagle.Model", "Eagle.Model\Eagle.Model.csproj", "{89375F78-F9DA-4924-A4E7-D42A1CBE330D}"
EndProject
Project("{FAE04EC0-301F-11D3-BF4B-00C04F79EFBC}") = "Eagle.Infrastructrue", "Eagle.Infrastructrue\Eagle.Infrastructrue.csproj", "{9C9E3D38-C206-418B-BBD0-FEF70B8523C9}"
EndProject
Project("{FAE04EC0-301F-11D3-BF4B-00C04F79EFBC}") = "Eagle.ViewModel", "Eagle.ViewModel\Eagle.ViewModel.csproj", "{245C5A24-EF6D-417D-AB0F-80DC77845845}"
EndProject
Project("{FAE04EC0-301F-11D3-BF4B-00C04F79EFBC}") = "Eagle.Server.Interface", "Eagle.Server.Interface\Eagle.Server.Interface.csproj", "{FDA0BCEE-8891-48CE-BB08-F1593F42EAD7}"
EndProject
Project("{FAE04EC0-301F-11D3-BF4B-00C04F79EFBC}") = "Eagle.Cmd", "Eagle.Cmd\Eagle.Cmd.csproj", "{B6FB8CAD-DE3F-4B47-93CB-05DCA0AC0597}"
EndProject
Global
	GlobalSection(SolutionConfigurationPlatforms) = preSolution
		Debug|Any CPU = Debug|Any CPU
		Release|Any CPU = Release|Any CPU
	EndGlobalSection
	GlobalSection(ProjectConfigurationPlatforms) = postSolution
		{74B358A2-C23C-40E8-9F88-4FA8FD392346}.Debug|Any CPU.ActiveCfg = Debug|Any CPU
		{74B358A2-C23C-40E8-9F88-4FA8FD392346}.Debug|Any CPU.Build.0 = Debug|Any CPU
		{74B358A2-C23C-40E8-9F88-4FA8FD392346}.Release|Any CPU.ActiveCfg = Release|Any CPU
		{74B358A2-C23C-40E8-9F88-4FA8FD392346}.Release|Any CPU.Build.0 = Release|Any CPU
		{09B9EA4C-79D1-4953-8CDC-480EA39D74B8}.Debug|Any CPU.ActiveCfg = Debug|Any CPU
		{09B9EA4C-79D1-4953-8CDC-480EA39D74B8}.Debug|Any CPU.Build.0 = Debug|Any CPU
		{09B9EA4C-79D1-4953-8CDC-480EA39D74B8}.Release|Any CPU.ActiveCfg = Release|Any CPU
		{09B9EA4C-79D1-4953-8CDC-480EA39D74B8}.Release|Any CPU.Build.0 = Release|Any CPU
		{CC457441-804F-4F71-9C8B-A0479EBDD273}.Debug|Any CPU.ActiveCfg = Debug|Any CPU
		{CC457441-804F-4F71-9C8B-A0479EBDD273}.Debug|Any CPU.Build.0 = Debug|Any CPU
		{CC457441-804F-4F71-9C8B-A0479EBDD273}.Release|Any CPU.ActiveCfg = Release|Any CPU
		{CC457441-804F-4F71-9C8B-A0479EBDD273}.Release|Any CPU.Build.0 = Release|Any CPU
		{00A9C124-75CD-4CDF-988A-20EE7899F77F}.Debug|Any CPU.ActiveCfg = Debug|Any CPU
		{00A9C124-75CD-4CDF-988A-20EE7899F77F}.Debug|Any CPU.Build.0 = Debug|Any CPU
		{00A9C124-75CD-4CDF-988A-20EE7899F77F}.Release|Any CPU.ActiveCfg = Release|Any CPU
		{00A9C124-75CD-4CDF-988A-20EE7899F77F}.Release|Any CPU.Build.0 = Release|Any CPU
		{B9B54B41-88B7-4858-B1E9-4A65FFFFE56C}.Debug|Any CPU.ActiveCfg = Debug|Any CPU
		{B9B54B41-88B7-4858-B1E9-4A65FFFFE56C}.Debug|Any CPU.Build.0 = Debug|Any CPU
		{B9B54B41-88B7-4858-B1E9-4A65FFFFE56C}.Release|Any CPU.ActiveCfg = Release|Any CPU
		{B9B54B41-88B7-4858-B1E9-4A65FFFFE56C}.Release|Any CPU.Build.0 = Release|Any CPU
		{F13A1547-520D-4020-98D8-56F3BC609253}.Debug|Any CPU.ActiveCfg = Debug|Any CPU
		{F13A1547-520D-4020-98D8-56F3BC609253}.Debug|Any CPU.Build.0 = Debug|Any CPU
		{F13A1547-520D-4020-98D8-56F3BC609253}.Release|Any CPU.ActiveCfg = Release|Any CPU
		{F13A1547-520D-4020-98D8-56F3BC609253}.Release|Any CPU.Build.0 = Release|Any CPU
		{89375F78-F9DA-4924-A4E7-D42A1CBE330D}.Debug|Any CPU.ActiveCfg = Debug|Any CPU
		{89375F78-F9DA-4924-A4E7-D42A1CBE330D}.Debug|Any CPU.Build.0 = Debug|Any CPU
		{89375F78-F9DA-4924-A4E7-D42A1CBE330D}.Release|Any CPU.ActiveCfg = Release|Any CPU
		{89375F78-F9DA-4924-A4E7-D42A1CBE330D}.Release|Any CPU.Build.0 = Release|Any CPU
		{9C9E3D38-C206-418B-BBD0-FEF70B8523C9}.Debug|Any CPU.ActiveCfg = Debug|Any CPU
		{9C9E3D38-C206-418B-BBD0-FEF70B8523C9}.Debug|Any CPU.Build.0 = Debug|Any CPU
		{9C9E3D38-C206-418B-BBD0-FEF70B8523C9}.Release|Any CPU.ActiveCfg = Release|Any CPU
		{9C9E3D38-C206-418B-BBD0-FEF70B8523C9}.Release|Any CPU.Build.0 = Release|Any CPU
		{245C5A24-EF6D-417D-AB0F-80DC77845845}.Debug|Any CPU.ActiveCfg = Debug|Any CPU
		{245C5A24-EF6D-417D-AB0F-80DC77845845}.Debug|Any CPU.Build.0 = Debug|Any CPU
		{245C5A24-EF6D-417D-AB0F-80DC77845845}.Release|Any CPU.ActiveCfg = Release|Any CPU
		{245C5A24-EF6D-417D-AB0F-80DC77845845}.Release|Any CPU.Build.0 = Release|Any CPU
		{FDA0BCEE-8891-48CE-BB08-F1593F42EAD7}.Debug|Any CPU.ActiveCfg = Debug|Any CPU
		{FDA0BCEE-8891-48CE-BB08-F1593F42EAD7}.Debug|Any CPU.Build.0 = Debug|Any CPU
		{FDA0BCEE-8891-48CE-BB08-F1593F42EAD7}.Release|Any CPU.ActiveCfg = Release|Any CPU
		{FDA0BCEE-8891-48CE-BB08-F1593F42EAD7}.Release|Any CPU.Build.0 = Release|Any CPU
		{B6FB8CAD-DE3F-4B47-93CB-05DCA0AC0597}.Debug|Any CPU.ActiveCfg = Debug|Any CPU
		{B6FB8CAD-DE3F-4B47-93CB-05DCA0AC0597}.Debug|Any CPU.Build.0 = Debug|Any CPU
		{B6FB8CAD-DE3F-4B47-93CB-05DCA0AC0597}.Release|Any CPU.ActiveCfg = Release|Any CPU
		{B6FB8CAD-DE3F-4B47-93CB-05DCA0AC0597}.Release|Any CPU.Build.0 = Release|Any CPU
	EndGlobalSection
	GlobalSection(SolutionProperties) = preSolution
		HideSolutionNode = FALSE
	EndGlobalSection
	GlobalSection(NestedProjects) = preSolution
		{74B358A2-C23C-40E8-9F88-4FA8FD392346} = {F5E1E01E-28EF-4282-A180-045E874A6B38}
		{09B9EA4C-79D1-4953-8CDC-480EA39D74B8} = {76F7A474-5FE3-4DE1-BEF6-4DAF9418C839}
		{CC457441-804F-4F71-9C8B-A0479EBDD273} = {DC10D1B6-094E-452C-9369-1FF79D0C4D2D}
		{00A9C124-75CD-4CDF-988A-20EE7899F77F} = {DC10D1B6-094E-452C-9369-1FF79D0C4D2D}
		{B9B54B41-88B7-4858-B1E9-4A65FFFFE56C} = {DC10D1B6-094E-452C-9369-1FF79D0C4D2D}
		{F13A1547-520D-4020-98D8-56F3BC609253} = {DC10D1B6-094E-452C-9369-1FF79D0C4D2D}
		{89375F78-F9DA-4924-A4E7-D42A1CBE330D} = {031806FD-AFDF-4E85-A39F-7F0127C85AC2}
		{9C9E3D38-C206-418B-BBD0-FEF70B8523C9} = {E4D9169C-3565-4992-A7F2-129135AEB5D9}
		{245C5A24-EF6D-417D-AB0F-80DC77845845} = {76F7A474-5FE3-4DE1-BEF6-4DAF9418C839}
		{FDA0BCEE-8891-48CE-BB08-F1593F42EAD7} = {76F7A474-5FE3-4DE1-BEF6-4DAF9418C839}
		{B6FB8CAD-DE3F-4B47-93CB-05DCA0AC0597} = {F5E1E01E-28EF-4282-A180-045E874A6B38}
	EndGlobalSection
EndGlobal
